
Microsoft Visual Studio Solution File, Format Version 12.00
# Visual Studio Version 17
VisualStudioVersion = 17.9.34728.123
MinimumVisualStudioVersion = 10.0.40219.1
Project("{FAE04EC0-301F-11D3-BF4B-00C04F79EFBC}") = "ColorSelector", "ColorSelector.csproj", "{C0B58184-260C-4FA8-B845-2565F04FD964}"
EndProject
Global
	GlobalSection(SolutionConfigurationPlatforms) = preSolution
		Debug|Any CPU = Debug|Any CPU
		Release|Any CPU = Release|Any CPU
	EndGlobalSection
	GlobalSection(ProjectConfigurationPlatforms) = postSolution
		{C0B58184-260C-4FA8-B845-2565F04FD964}.Debug|Any CPU.ActiveCfg = Debug|Any CPU
		{C0B58184-260C-4FA8-B845-2565F04FD964}.Debug|Any CPU.Build.0 = Debug|Any CPU
		{C0B58184-260C-4FA8-B845-2565F04FD964}.Debug|Any CPU.Deploy.0 = Debug|Any CPU
		{C0B58184-260C-4FA8-B845-2565F04FD964}.Release|Any CPU.ActiveCfg = Release|Any CPU
		{C0B58184-260C-4FA8-B845-2565F04FD964}.Release|Any CPU.Build.0 = Release|Any CPU
		{C0B58184-260C-4FA8-B845-2565F04FD964}.Release|Any CPU.Deploy.0 = Release|Any CPU
	EndGlobalSection
	GlobalSection(SolutionProperties) = preSolution
		HideSolutionNode = FALSE
	EndGlobalSection
	GlobalSection(ExtensibilityGlobals) = postSolution
		SolutionGuid = {1F474158-97D7-40A5-B134-8201A72996A0}
	EndGlobalSection
EndGlobal
